
Microsoft Visual Studio Solution File, Format Version 12.00
# Visual Studio Version 17
VisualStudioVersion = 17.8.34511.84
MinimumVisualStudioVersion = 10.0.40219.1
Project("{9A19103F-16F7-4668-BE54-9A1E7A4F7556}") = "DataAccess", "DataAccess\DataAccess.csproj", "{90E83F6E-7B3B-4E60-8CBA-86C648E50FB0}"
EndProject
Project("{9A19103F-16F7-4668-BE54-9A1E7A4F7556}") = "Business", "Business\Business.csproj", "{EBA26E7C-C6D8-4A50-92C7-9ADFEC3CD1E6}"
EndProject
Project("{9A19103F-16F7-4668-BE54-9A1E7A4F7556}") = "Entitities", "Entitities\Entitities.csproj", "{75A06785-0140-429E-A4B8-35E72C600CA8}"
EndProject
Project("{9A19103F-16F7-4668-BE54-9A1E7A4F7556}") = "ConsoleUI", "ConsoleUI\ConsoleUI.csproj", "{EA1E7DC6-E863-420A-A25B-AB2640BE6ABB}"
EndProject
Project("{9A19103F-16F7-4668-BE54-9A1E7A4F7556}") = "Core", "Core\Core.csproj", "{E46EB2E2-0DBF-460B-A3F6-1E5AC090C7A3}"
EndProject
Project("{FAE04EC0-301F-11D3-BF4B-00C04F79EFBC}") = "WebAPI", "WebAPI\WebAPI.csproj", "{CA39388E-2E60-4746-8123-96956CF0BA57}"
EndProject
Global
	GlobalSection(SolutionConfigurationPlatforms) = preSolution
		Debug|Any CPU = Debug|Any CPU
		Release|Any CPU = Release|Any CPU
	EndGlobalSection
	GlobalSection(ProjectConfigurationPlatforms) = postSolution
		{90E83F6E-7B3B-4E60-8CBA-86C648E50FB0}.Debug|Any CPU.ActiveCfg = Debug|Any CPU
		{90E83F6E-7B3B-4E60-8CBA-86C648E50FB0}.Debug|Any CPU.Build.0 = Debug|Any CPU
		{90E83F6E-7B3B-4E60-8CBA-86C648E50FB0}.Release|Any CPU.ActiveCfg = Release|Any CPU
		{90E83F6E-7B3B-4E60-8CBA-86C648E50FB0}.Release|Any CPU.Build.0 = Release|Any CPU
		{EBA26E7C-C6D8-4A50-92C7-9ADFEC3CD1E6}.Debug|Any CPU.ActiveCfg = Debug|Any CPU
		{EBA26E7C-C6D8-4A50-92C7-9ADFEC3CD1E6}.Debug|Any CPU.Build.0 = Debug|Any CPU
		{EBA26E7C-C6D8-4A50-92C7-9ADFEC3CD1E6}.Release|Any CPU.ActiveCfg = Release|Any CPU
		{EBA26E7C-C6D8-4A50-92C7-9ADFEC3CD1E6}.Release|Any CPU.Build.0 = Release|Any CPU
		{75A06785-0140-429E-A4B8-35E72C600CA8}.Debug|Any CPU.ActiveCfg = Debug|Any CPU
		{75A06785-0140-429E-A4B8-35E72C600CA8}.Debug|Any CPU.Build.0 = Debug|Any CPU
		{75A06785-0140-429E-A4B8-35E72C600CA8}.Release|Any CPU.ActiveCfg = Release|Any CPU
		{75A06785-0140-429E-A4B8-35E72C600CA8}.Release|Any CPU.Build.0 = Release|Any CPU
		{EA1E7DC6-E863-420A-A25B-AB2640BE6ABB}.Debug|Any CPU.ActiveCfg = Debug|Any CPU
		{EA1E7DC6-E863-420A-A25B-AB2640BE6ABB}.Debug|Any CPU.Build.0 = Debug|Any CPU
		{EA1E7DC6-E863-420A-A25B-AB2640BE6ABB}.Release|Any CPU.ActiveCfg = Release|Any CPU
		{EA1E7DC6-E863-420A-A25B-AB2640BE6ABB}.Release|Any CPU.Build.0 = Release|Any CPU
		{E46EB2E2-0DBF-460B-A3F6-1E5AC090C7A3}.Debug|Any CPU.ActiveCfg = Debug|Any CPU
		{E46EB2E2-0DBF-460B-A3F6-1E5AC090C7A3}.Debug|Any CPU.Build.0 = Debug|Any CPU
		{E46EB2E2-0DBF-460B-A3F6-1E5AC090C7A3}.Release|Any CPU.ActiveCfg = Release|Any CPU
		{E46EB2E2-0DBF-460B-A3F6-1E5AC090C7A3}.Release|Any CPU.Build.0 = Release|Any CPU
		{CA39388E-2E60-4746-8123-96956CF0BA57}.Debug|Any CPU.ActiveCfg = Debug|Any CPU
		{CA39388E-2E60-4746-8123-96956CF0BA57}.Debug|Any CPU.Build.0 = Debug|Any CPU
		{CA39388E-2E60-4746-8123-96956CF0BA57}.Release|Any CPU.ActiveCfg = Release|Any CPU
		{CA39388E-2E60-4746-8123-96956CF0BA57}.Release|Any CPU.Build.0 = Release|Any CPU
	EndGlobalSection
	GlobalSection(SolutionProperties) = preSolution
		HideSolutionNode = FALSE
	EndGlobalSection
	GlobalSection(ExtensibilityGlobals) = postSolution
		SolutionGuid = {B8310901-3D1F-443A-8C3F-9DF87DE74660}
	EndGlobalSection
EndGlobal
